
Microsoft Visual Studio Solution File, Format Version 12.00
# Visual Studio Version 16
VisualStudioVersion = 16.0.31911.196
MinimumVisualStudioVersion = 10.0.40219.1
Project("{FAE04EC0-301F-11D3-BF4B-00C04F79EFBC}") = "Task50Nunit6", "Task50Nunit6\Task50Nunit6.csproj", "{4C29082B-8665-4112-B5C1-68C19040F2A9}"
EndProject
Global
	GlobalSection(SolutionConfigurationPlatforms) = preSolution
		Debug|Any CPU = Debug|Any CPU
		Release|Any CPU = Release|Any CPU
	EndGlobalSection
	GlobalSection(ProjectConfigurationPlatforms) = postSolution
		{4C29082B-8665-4112-B5C1-68C19040F2A9}.Debug|Any CPU.ActiveCfg = Debug|Any CPU
		{4C29082B-8665-4112-B5C1-68C19040F2A9}.Debug|Any CPU.Build.0 = Debug|Any CPU
		{4C29082B-8665-4112-B5C1-68C19040F2A9}.Release|Any CPU.ActiveCfg = Release|Any CPU
		{4C29082B-8665-4112-B5C1-68C19040F2A9}.Release|Any CPU.Build.0 = Release|Any CPU
	EndGlobalSection
	GlobalSection(SolutionProperties) = preSolution
		HideSolutionNode = FALSE
	EndGlobalSection
	GlobalSection(ExtensibilityGlobals) = postSolution
		SolutionGuid = {D33668A2-3EA5-43CC-820A-FE5C60132B55}
	EndGlobalSection
EndGlobal
